
Microsoft Visual Studio Solution File, Format Version 12.00
# Visual Studio Version 17
VisualStudioVersion = 17.2.32630.192
MinimumVisualStudioVersion = 10.0.40219.1
Project("{FAE04EC0-301F-11D3-BF4B-00C04F79EFBC}") = "WeightTracker", "WeightTracker\WeightTracker.csproj", "{A8032944-2C49-4BA8-86D3-A2EB231BEEDF}"
EndProject
Project("{FAE04EC0-301F-11D3-BF4B-00C04F79EFBC}") = "WeightTrackerLibrary", "WeightTrackerLibrary\WeightTrackerLibrary.csproj", "{FE986053-00FA-4E7F-9B08-C1DA295B3224}"
EndProject
Project("{00D1A9C2-B5F0-4AF3-8072-F6C62B433612}") = "WeightTrackerDB", "WeightTrackerDB\WeightTrackerDB.sqlproj", "{A9293436-EBDF-4370-A6CC-E490DA91A2AD}"
EndProject
Project("{FAE04EC0-301F-11D3-BF4B-00C04F79EFBC}") = "WeightTracker.Tests", "WeightTracker.Test\WeightTracker.Tests.csproj", "{BC4C7B27-3AD0-4B36-BC1D-142B853AF031}"
EndProject
Global
	GlobalSection(SolutionConfigurationPlatforms) = preSolution
		Debug|Any CPU = Debug|Any CPU
		Release|Any CPU = Release|Any CPU
	EndGlobalSection
	GlobalSection(ProjectConfigurationPlatforms) = postSolution
		{A8032944-2C49-4BA8-86D3-A2EB231BEEDF}.Debug|Any CPU.ActiveCfg = Debug|Any CPU
		{A8032944-2C49-4BA8-86D3-A2EB231BEEDF}.Debug|Any CPU.Build.0 = Debug|Any CPU
		{A8032944-2C49-4BA8-86D3-A2EB231BEEDF}.Release|Any CPU.ActiveCfg = Release|Any CPU
		{A8032944-2C49-4BA8-86D3-A2EB231BEEDF}.Release|Any CPU.Build.0 = Release|Any CPU
		{FE986053-00FA-4E7F-9B08-C1DA295B3224}.Debug|Any CPU.ActiveCfg = Debug|Any CPU
		{FE986053-00FA-4E7F-9B08-C1DA295B3224}.Debug|Any CPU.Build.0 = Debug|Any CPU
		{FE986053-00FA-4E7F-9B08-C1DA295B3224}.Release|Any CPU.ActiveCfg = Release|Any CPU
		{FE986053-00FA-4E7F-9B08-C1DA295B3224}.Release|Any CPU.Build.0 = Release|Any CPU
		{A9293436-EBDF-4370-A6CC-E490DA91A2AD}.Debug|Any CPU.ActiveCfg = Debug|Any CPU
		{A9293436-EBDF-4370-A6CC-E490DA91A2AD}.Debug|Any CPU.Build.0 = Debug|Any CPU
		{A9293436-EBDF-4370-A6CC-E490DA91A2AD}.Debug|Any CPU.Deploy.0 = Debug|Any CPU
		{A9293436-EBDF-4370-A6CC-E490DA91A2AD}.Release|Any CPU.ActiveCfg = Release|Any CPU
		{A9293436-EBDF-4370-A6CC-E490DA91A2AD}.Release|Any CPU.Build.0 = Release|Any CPU
		{A9293436-EBDF-4370-A6CC-E490DA91A2AD}.Release|Any CPU.Deploy.0 = Release|Any CPU
		{BC4C7B27-3AD0-4B36-BC1D-142B853AF031}.Debug|Any CPU.ActiveCfg = Debug|Any CPU
		{BC4C7B27-3AD0-4B36-BC1D-142B853AF031}.Debug|Any CPU.Build.0 = Debug|Any CPU
		{BC4C7B27-3AD0-4B36-BC1D-142B853AF031}.Release|Any CPU.ActiveCfg = Release|Any CPU
		{BC4C7B27-3AD0-4B36-BC1D-142B853AF031}.Release|Any CPU.Build.0 = Release|Any CPU
	EndGlobalSection
	GlobalSection(SolutionProperties) = preSolution
		HideSolutionNode = FALSE
	EndGlobalSection
	GlobalSection(ExtensibilityGlobals) = postSolution
		SolutionGuid = {0DD08F39-B44B-4F1B-B852-D24CDD40201E}
	EndGlobalSection
EndGlobal
